
Microsoft Visual Studio Solution File, Format Version 12.00
# Visual Studio Version 17
VisualStudioVersion = 17.2.32630.192
MinimumVisualStudioVersion = 10.0.40219.1
Project("{FAE04EC0-301F-11D3-BF4B-00C04F79EFBC}") = "Pigalev_API", "Pigalev_API\Pigalev_API.csproj", "{183FED75-8530-4F84-BE5B-F8DBBFDFF1A4}"
EndProject
Global
	GlobalSection(SolutionConfigurationPlatforms) = preSolution
		Debug|Any CPU = Debug|Any CPU
		Release|Any CPU = Release|Any CPU
	EndGlobalSection
	GlobalSection(ProjectConfigurationPlatforms) = postSolution
		{183FED75-8530-4F84-BE5B-F8DBBFDFF1A4}.Debug|Any CPU.ActiveCfg = Debug|Any CPU
		{183FED75-8530-4F84-BE5B-F8DBBFDFF1A4}.Debug|Any CPU.Build.0 = Debug|Any CPU
		{183FED75-8530-4F84-BE5B-F8DBBFDFF1A4}.Release|Any CPU.ActiveCfg = Release|Any CPU
		{183FED75-8530-4F84-BE5B-F8DBBFDFF1A4}.Release|Any CPU.Build.0 = Release|Any CPU
	EndGlobalSection
	GlobalSection(SolutionProperties) = preSolution
		HideSolutionNode = FALSE
	EndGlobalSection
	GlobalSection(ExtensibilityGlobals) = postSolution
		SolutionGuid = {EC9AC5F0-DE35-4C53-B237-FE3F09C1AE33}
	EndGlobalSection
EndGlobal
